
Microsoft Visual Studio Solution File, Format Version 12.00
# Visual Studio 15
VisualStudioVersion = 15.0.27004.2006
MinimumVisualStudioVersion = 10.0.40219.1
Project("{8BC9CEB8-8B4A-11D0-8D11-00A0C91BC942}") = "ConsoleApplication4_KR2_4", "ConsoleApplication4_KR2_4\ConsoleApplication4_KR2_4.vcxproj", "{65B91C35-7D1C-4994-942A-071615219A0F}"
EndProject
Global
	GlobalSection(SolutionConfigurationPlatforms) = preSolution
		Debug|x64 = Debug|x64
		Debug|x86 = Debug|x86
		Release|x64 = Release|x64
		Release|x86 = Release|x86
	EndGlobalSection
	GlobalSection(ProjectConfigurationPlatforms) = postSolution
		{65B91C35-7D1C-4994-942A-071615219A0F}.Debug|x64.ActiveCfg = Debug|x64
		{65B91C35-7D1C-4994-942A-071615219A0F}.Debug|x64.Build.0 = Debug|x64
		{65B91C35-7D1C-4994-942A-071615219A0F}.Debug|x86.ActiveCfg = Debug|Win32
		{65B91C35-7D1C-4994-942A-071615219A0F}.Debug|x86.Build.0 = Debug|Win32
		{65B91C35-7D1C-4994-942A-071615219A0F}.Release|x64.ActiveCfg = Release|x64
		{65B91C35-7D1C-4994-942A-071615219A0F}.Release|x64.Build.0 = Release|x64
		{65B91C35-7D1C-4994-942A-071615219A0F}.Release|x86.ActiveCfg = Release|Win32
		{65B91C35-7D1C-4994-942A-071615219A0F}.Release|x86.Build.0 = Release|Win32
	EndGlobalSection
	GlobalSection(SolutionProperties) = preSolution
		HideSolutionNode = FALSE
	EndGlobalSection
	GlobalSection(ExtensibilityGlobals) = postSolution
		SolutionGuid = {81B5B1A9-E65E-4A38-8AC1-9F89FF5EF9CF}
	EndGlobalSection
EndGlobal
